{
  "name": "test",
  "version": "1.0.0",
  "lockfileVersion": 1,
  "requires": true,
  "dependencies": {
    "@napi-rs/magic-string": {
      "version": "0.1.3",
      "resolved": "https://registry.npmjs.org/@napi-rs/magic-string/-/magic-string-0.1.3.tgz",
      "integrity": "sha512-D2+g6ibisCRgJF8i9cN6I/AMg0DoX2GHy3zF69GcEnznU+VbRzDR0vTrDSZvzhQ0M7rRyWmqFOrqR4ZP3ONJJQ==",
      "requires": {
        "@napi-rs/magic-string-android-arm-eabi": "0.1.3",
        "@napi-rs/magic-string-android-arm64": "0.1.3",
        "@napi-rs/magic-string-darwin-arm64": "0.1.3",
        "@napi-rs/magic-string-darwin-x64": "0.1.3",
        "@napi-rs/magic-string-freebsd-x64": "0.1.3",
        "@napi-rs/magic-string-linux-arm-gnueabihf": "0.1.3",
        "@napi-rs/magic-string-linux-arm64-gnu": "0.1.3",
        "@napi-rs/magic-string-linux-arm64-musl": "0.1.3",
        "@napi-rs/magic-string-linux-x64-gnu": "0.1.3",
        "@napi-rs/magic-string-linux-x64-musl": "0.1.3",
        "@napi-rs/magic-string-win32-arm64-msvc": "0.1.3",
        "@napi-rs/magic-string-win32-ia32-msvc": "0.1.3",
        "@napi-rs/magic-string-win32-x64-msvc": "0.1.3"
      }
    },
    "@napi-rs/magic-string-android-arm-eabi": {
      "version": "0.1.3",
      "resolved": "https://registry.npmjs.org/@napi-rs/magic-string-android-arm-eabi/-/magic-string-android-arm-eabi-0.1.3.tgz",
      "integrity": "sha512-6sWvlleM+PKsHpIsXVTODHqrlymAxTgm8XYgk+SITZICAO1m0CzatG6d+NzDkk+eGuEqGuFjby7k6UGWEITZ8g==",
      "optional": true
    },
    "@napi-rs/magic-string-android-arm64": {
      "version": "0.1.3",
      "resolved": "https://registry.npmjs.org/@napi-rs/magic-string-android-arm64/-/magic-string-android-arm64-0.1.3.tgz",
      "integrity": "sha512-nW2tbnxmdwD93xHj3H1v4a5Zu8Qt9lnm568H2H0tJP7ArYssGegvDRDULUGCpbrz7e5FWk/Kgaf1wqzZumo/MA==",
      "optional": true
    },
    "@napi-rs/magic-string-darwin-arm64": {
      "version": "0.1.3",
      "resolved": "https://registry.npmjs.org/@napi-rs/magic-string-darwin-arm64/-/magic-string-darwin-arm64-0.1.3.tgz",
      "integrity": "sha512-GtgD07US1GKBgEWjxnE7rjHSfIkU6q6kBynYV7rAEGFwTSidPw17yuyAflyrFAzi+ZywMlsk0oWACVUW2l7UIw==",
      "optional": true
    },
    "@napi-rs/magic-string-darwin-x64": {
      "version": "0.1.3",
      "resolved": "https://registry.npmjs.org/@napi-rs/magic-string-darwin-x64/-/magic-string-darwin-x64-0.1.3.tgz",
      "integrity": "sha512-RCvTXVCgXxlRdWe/zI/u8tqzV1bYAcdBQBLqZ95H5ffcazJhD2c4NMTBX0TR6P/6qjNaQaWEhq8Pt4EF0zorSA==",
      "optional": true
    },
    "@napi-rs/magic-string-freebsd-x64": {
      "version": "0.1.3",
      "resolved": "https://registry.npmjs.org/@napi-rs/magic-string-freebsd-x64/-/magic-string-freebsd-x64-0.1.3.tgz",
      "integrity": "sha512-v9tz+2svzka7evbAsaGJuHytmFOWwejBP8Fk6LILQFPxPU4r+7OPlUaCe5teseXTpaKag8Kig4jOlTU2CD13Tg==",
      "optional": true
    },
    "@napi-rs/magic-string-linux-arm-gnueabihf": {
      "version": "0.1.3",
      "resolved": "https://registry.npmjs.org/@napi-rs/magic-string-linux-arm-gnueabihf/-/magic-string-linux-arm-gnueabihf-0.1.3.tgz",
      "integrity": "sha512-Kv4AQrgAbpquA11VuzyZmMsPdOfXM8Wyrkpinc24iuBvePAlF9uCGBAWmUpae/QrJNAKDpmyCDUCLbeg1yJW3w==",
      "optional": true
    },
    "@napi-rs/magic-string-linux-arm64-gnu": {
      "version": "0.1.3",
      "resolved": "https://registry.npmjs.org/@napi-rs/magic-string-linux-arm64-gnu/-/magic-string-linux-arm64-gnu-0.1.3.tgz",
      "integrity": "sha512-ViS280l2TLeKlX6PkZUydxsDy6PyRaNS6YlCHRbCYQblx31LcgCt3ig509hnKghHgWxY7ooUU5bap3qg1nEtiQ==",
      "optional": true
    },
    "@napi-rs/magic-string-linux-arm64-musl": {
      "version": "0.1.3",
      "resolved": "https://registry.npmjs.org/@napi-rs/magic-string-linux-arm64-musl/-/magic-string-linux-arm64-musl-0.1.3.tgz",
      "integrity": "sha512-WXRCvv+cPEljGBt0O7aufAGs3qsDQrz1qJABsFUcSStN1J8oFkGERhteg/efLsP8wBIqt7ZuOjdxKvldjV2YnA==",
      "optional": true
    },
    "@napi-rs/magic-string-linux-x64-gnu": {
      "version": "0.1.3",
      "resolved": "https://registry.npmjs.org/@napi-rs/magic-string-linux-x64-gnu/-/magic-string-linux-x64-gnu-0.1.3.tgz",
      "integrity": "sha512-WUPXrYDtPfiQxmNXDmXTc2sTwqZ2ljF3uYWn6IOHh6fsE7w720ppSHap9xPzey/wlHrASsVVG5cC/nDCg6B/hA==",
      "optional": true
    },
    "@napi-rs/magic-string-linux-x64-musl": {
      "version": "0.1.3",
      "resolved": "https://registry.npmjs.org/@napi-rs/magic-string-linux-x64-musl/-/magic-string-linux-x64-musl-0.1.3.tgz",
      "integrity": "sha512-3t8envesflkGKYshhD9F7oBvXE+Lzt3nlf+Z5yvSPJ249FNsVqA6UmrcaNojk2zVtda6OzTvWcoc7o1PwPPj8Q==",
      "optional": true
    },
    "@napi-rs/magic-string-win32-arm64-msvc": {
      "version": "0.1.3",
      "resolved": "https://registry.npmjs.org/@napi-rs/magic-string-win32-arm64-msvc/-/magic-string-win32-arm64-msvc-0.1.3.tgz",
      "integrity": "sha512-x6J/aixctZG+QKNqC/oA+OR0J1iXG3RZMQYp4Nd5eOlJ/E+J1HrCBW+yzSBCvJrE+FTUhBz0kHhPGdFrFUs4nQ==",
      "optional": true
    },
    "@napi-rs/magic-string-win32-ia32-msvc": {
      "version": "0.1.3",
      "resolved": "https://registry.npmjs.org/@napi-rs/magic-string-win32-ia32-msvc/-/magic-string-win32-ia32-msvc-0.1.3.tgz",
      "integrity": "sha512-lS7E9iyp41tKbC6RQP4rJ5moipejUBV9JJg/tbJtizWNqZ2Yubs4jqj6B1oiOpUK2uaO0TC4IjoEWOMEvX+KLQ==",
      "optional": true
    },
    "@napi-rs/magic-string-win32-x64-msvc": {
      "version": "0.1.3",
      "resolved": "https://registry.npmjs.org/@napi-rs/magic-string-win32-x64-msvc/-/magic-string-win32-x64-msvc-0.1.3.tgz",
      "integrity": "sha512-q/PCMuxf5HAm/5KpCRhIlocPucjKFrTlYVH+TCaP0YgnYIFUYz41r4dPXulM+bDW5XmtEz1gQK9z75vmRwV0ag==",
      "optional": true
    }
  }
}
